
Microsoft Visual Studio Solution File, Format Version 12.00
# Visual Studio Version 17
VisualStudioVersion = 17.0.31919.166
MinimumVisualStudioVersion = 10.0.40219.1
Project("{9A19103F-16F7-4668-BE54-9A1E7A4F7556}") = "Aoc2021", "Aoc2021\Aoc2021.csproj", "{C5491F00-4140-4C34-B8D7-A7875A0932E6}"
EndProject
Project("{9A19103F-16F7-4668-BE54-9A1E7A4F7556}") = "Cli", "CLI\Cli.csproj", "{B90FBF55-21DB-422E-A929-DCE261E967F5}"
EndProject
Project("{9A19103F-16F7-4668-BE54-9A1E7A4F7556}") = "Aoc", "Aoc\Aoc.csproj", "{B28842F2-0409-49C1-B767-A384B2425C31}"
EndProject
Global
	GlobalSection(SolutionConfigurationPlatforms) = preSolution
		Debug|Any CPU = Debug|Any CPU
		Release|Any CPU = Release|Any CPU
	EndGlobalSection
	GlobalSection(ProjectConfigurationPlatforms) = postSolution
		{C5491F00-4140-4C34-B8D7-A7875A0932E6}.Debug|Any CPU.ActiveCfg = Debug|Any CPU
		{C5491F00-4140-4C34-B8D7-A7875A0932E6}.Debug|Any CPU.Build.0 = Debug|Any CPU
		{C5491F00-4140-4C34-B8D7-A7875A0932E6}.Release|Any CPU.ActiveCfg = Release|Any CPU
		{C5491F00-4140-4C34-B8D7-A7875A0932E6}.Release|Any CPU.Build.0 = Release|Any CPU
		{B90FBF55-21DB-422E-A929-DCE261E967F5}.Debug|Any CPU.ActiveCfg = Debug|Any CPU
		{B90FBF55-21DB-422E-A929-DCE261E967F5}.Debug|Any CPU.Build.0 = Debug|Any CPU
		{B90FBF55-21DB-422E-A929-DCE261E967F5}.Release|Any CPU.ActiveCfg = Release|Any CPU
		{B90FBF55-21DB-422E-A929-DCE261E967F5}.Release|Any CPU.Build.0 = Release|Any CPU
		{B28842F2-0409-49C1-B767-A384B2425C31}.Debug|Any CPU.ActiveCfg = Debug|Any CPU
		{B28842F2-0409-49C1-B767-A384B2425C31}.Debug|Any CPU.Build.0 = Debug|Any CPU
		{B28842F2-0409-49C1-B767-A384B2425C31}.Release|Any CPU.ActiveCfg = Release|Any CPU
		{B28842F2-0409-49C1-B767-A384B2425C31}.Release|Any CPU.Build.0 = Release|Any CPU
	EndGlobalSection
	GlobalSection(SolutionProperties) = preSolution
		HideSolutionNode = FALSE
	EndGlobalSection
	GlobalSection(ExtensibilityGlobals) = postSolution
		SolutionGuid = {AD078E57-AC51-4C49-94A0-89FF34E3170C}
	EndGlobalSection
EndGlobal
